
Microsoft Visual Studio Solution File, Format Version 12.00
# Visual Studio Version 16
VisualStudioVersion = 16.0.31515.178
MinimumVisualStudioVersion = 10.0.40219.1
Project("{FAE04EC0-301F-11D3-BF4B-00C04F79EFBC}") = "Proyecto04Raquel", "RormularioRaquel\Proyecto04Raquel.csproj", "{89B4F707-BDCD-4488-8B38-D5C8D2623CA3}"
EndProject
Project("{FAE04EC0-301F-11D3-BF4B-00C04F79EFBC}") = "Proyecto04Raquel.Test", "Proyecto04Raquel.Test\Proyecto04Raquel.Test.csproj", "{DFCA4BB2-896F-4826-926E-2A32AE20931C}"
EndProject
Global
	GlobalSection(SolutionConfigurationPlatforms) = preSolution
		Debug|Any CPU = Debug|Any CPU
		Release|Any CPU = Release|Any CPU
	EndGlobalSection
	GlobalSection(ProjectConfigurationPlatforms) = postSolution
		{89B4F707-BDCD-4488-8B38-D5C8D2623CA3}.Debug|Any CPU.ActiveCfg = Debug|Any CPU
		{89B4F707-BDCD-4488-8B38-D5C8D2623CA3}.Debug|Any CPU.Build.0 = Debug|Any CPU
		{89B4F707-BDCD-4488-8B38-D5C8D2623CA3}.Release|Any CPU.ActiveCfg = Release|Any CPU
		{89B4F707-BDCD-4488-8B38-D5C8D2623CA3}.Release|Any CPU.Build.0 = Release|Any CPU
		{DFCA4BB2-896F-4826-926E-2A32AE20931C}.Debug|Any CPU.ActiveCfg = Debug|Any CPU
		{DFCA4BB2-896F-4826-926E-2A32AE20931C}.Debug|Any CPU.Build.0 = Debug|Any CPU
		{DFCA4BB2-896F-4826-926E-2A32AE20931C}.Release|Any CPU.ActiveCfg = Release|Any CPU
		{DFCA4BB2-896F-4826-926E-2A32AE20931C}.Release|Any CPU.Build.0 = Release|Any CPU
	EndGlobalSection
	GlobalSection(SolutionProperties) = preSolution
		HideSolutionNode = FALSE
	EndGlobalSection
	GlobalSection(ExtensibilityGlobals) = postSolution
		SolutionGuid = {FC3C9446-303C-440E-8419-0D6A2BCF10FC}
	EndGlobalSection
EndGlobal
